
Microsoft Visual Studio Solution File, Format Version 12.00
# Visual Studio 15
VisualStudioVersion = 15.0.26124.0
MinimumVisualStudioVersion = 15.0.26124.0
Project("{FAE04EC0-301F-11D3-BF4B-00C04F79EFBC}") = "prj_webapi", "prj_webapi\prj_webapi.csproj", "{9B80E5B2-1905-4686-A881-EBF98C904294}"
EndProject
Project("{FAE04EC0-301F-11D3-BF4B-00C04F79EFBC}") = "prj_console", "prj_console\prj_console.csproj", "{560C91B3-10E8-459A-BB6B-62B3309D5709}"
EndProject
Project("{FAE04EC0-301F-11D3-BF4B-00C04F79EFBC}") = "prj_classlib_DAL", "prj_classlib_DAL\prj_classlib_DAL.csproj", "{C49D6B87-0A7C-49FA-969E-FED6822A5232}"
EndProject
Global
	GlobalSection(SolutionConfigurationPlatforms) = preSolution
		Debug|Any CPU = Debug|Any CPU
		Debug|x64 = Debug|x64
		Debug|x86 = Debug|x86
		Release|Any CPU = Release|Any CPU
		Release|x64 = Release|x64
		Release|x86 = Release|x86
	EndGlobalSection
	GlobalSection(SolutionProperties) = preSolution
		HideSolutionNode = FALSE
	EndGlobalSection
	GlobalSection(ProjectConfigurationPlatforms) = postSolution
		{9B80E5B2-1905-4686-A881-EBF98C904294}.Debug|Any CPU.ActiveCfg = Debug|Any CPU
		{9B80E5B2-1905-4686-A881-EBF98C904294}.Debug|Any CPU.Build.0 = Debug|Any CPU
		{9B80E5B2-1905-4686-A881-EBF98C904294}.Debug|x64.ActiveCfg = Debug|Any CPU
		{9B80E5B2-1905-4686-A881-EBF98C904294}.Debug|x64.Build.0 = Debug|Any CPU
		{9B80E5B2-1905-4686-A881-EBF98C904294}.Debug|x86.ActiveCfg = Debug|Any CPU
		{9B80E5B2-1905-4686-A881-EBF98C904294}.Debug|x86.Build.0 = Debug|Any CPU
		{9B80E5B2-1905-4686-A881-EBF98C904294}.Release|Any CPU.ActiveCfg = Release|Any CPU
		{9B80E5B2-1905-4686-A881-EBF98C904294}.Release|Any CPU.Build.0 = Release|Any CPU
		{9B80E5B2-1905-4686-A881-EBF98C904294}.Release|x64.ActiveCfg = Release|Any CPU
		{9B80E5B2-1905-4686-A881-EBF98C904294}.Release|x64.Build.0 = Release|Any CPU
		{9B80E5B2-1905-4686-A881-EBF98C904294}.Release|x86.ActiveCfg = Release|Any CPU
		{9B80E5B2-1905-4686-A881-EBF98C904294}.Release|x86.Build.0 = Release|Any CPU
		{560C91B3-10E8-459A-BB6B-62B3309D5709}.Debug|Any CPU.ActiveCfg = Debug|Any CPU
		{560C91B3-10E8-459A-BB6B-62B3309D5709}.Debug|Any CPU.Build.0 = Debug|Any CPU
		{560C91B3-10E8-459A-BB6B-62B3309D5709}.Debug|x64.ActiveCfg = Debug|Any CPU
		{560C91B3-10E8-459A-BB6B-62B3309D5709}.Debug|x64.Build.0 = Debug|Any CPU
		{560C91B3-10E8-459A-BB6B-62B3309D5709}.Debug|x86.ActiveCfg = Debug|Any CPU
		{560C91B3-10E8-459A-BB6B-62B3309D5709}.Debug|x86.Build.0 = Debug|Any CPU
		{560C91B3-10E8-459A-BB6B-62B3309D5709}.Release|Any CPU.ActiveCfg = Release|Any CPU
		{560C91B3-10E8-459A-BB6B-62B3309D5709}.Release|Any CPU.Build.0 = Release|Any CPU
		{560C91B3-10E8-459A-BB6B-62B3309D5709}.Release|x64.ActiveCfg = Release|Any CPU
		{560C91B3-10E8-459A-BB6B-62B3309D5709}.Release|x64.Build.0 = Release|Any CPU
		{560C91B3-10E8-459A-BB6B-62B3309D5709}.Release|x86.ActiveCfg = Release|Any CPU
		{560C91B3-10E8-459A-BB6B-62B3309D5709}.Release|x86.Build.0 = Release|Any CPU
		{C49D6B87-0A7C-49FA-969E-FED6822A5232}.Debug|Any CPU.ActiveCfg = Debug|Any CPU
		{C49D6B87-0A7C-49FA-969E-FED6822A5232}.Debug|Any CPU.Build.0 = Debug|Any CPU
		{C49D6B87-0A7C-49FA-969E-FED6822A5232}.Debug|x64.ActiveCfg = Debug|Any CPU
		{C49D6B87-0A7C-49FA-969E-FED6822A5232}.Debug|x64.Build.0 = Debug|Any CPU
		{C49D6B87-0A7C-49FA-969E-FED6822A5232}.Debug|x86.ActiveCfg = Debug|Any CPU
		{C49D6B87-0A7C-49FA-969E-FED6822A5232}.Debug|x86.Build.0 = Debug|Any CPU
		{C49D6B87-0A7C-49FA-969E-FED6822A5232}.Release|Any CPU.ActiveCfg = Release|Any CPU
		{C49D6B87-0A7C-49FA-969E-FED6822A5232}.Release|Any CPU.Build.0 = Release|Any CPU
		{C49D6B87-0A7C-49FA-969E-FED6822A5232}.Release|x64.ActiveCfg = Release|Any CPU
		{C49D6B87-0A7C-49FA-969E-FED6822A5232}.Release|x64.Build.0 = Release|Any CPU
		{C49D6B87-0A7C-49FA-969E-FED6822A5232}.Release|x86.ActiveCfg = Release|Any CPU
		{C49D6B87-0A7C-49FA-969E-FED6822A5232}.Release|x86.Build.0 = Release|Any CPU
	EndGlobalSection
EndGlobal
